// !$*UTF8*$!
{
	archiveVersion = 1;
	classes = {
	};
	objectVersion = 77;
	objects = {

/* Begin PBXContainerItemProxy section */
		8B7CB6CE2F6103F000AACE5C /* PBXContainerItemProxy */ = {
			isa = PBXContainerItemProxy;
			containerPortal = 8B7CB6B82F6103E900AACE5C /* Project object */;
			proxyType = 1;
			remoteGlobalIDString = 8B7CB6BF2F6103E900AACE5C;
			remoteInfo = NeuroRise;
		};
		8B7CB6D82F6103F000AACE5C /* PBXContainerItemProxy */ = {
			isa = PBXContainerItemProxy;
			containerPortal = 8B7CB6B82F6103E900AACE5C /* Project object */;
			proxyType = 1;
			remoteGlobalIDString = 8B7CB6BF2F6103E900AACE5C;
			remoteInfo = NeuroRise;
		};
/* End PBXContainerItemProxy section */

/* Begin PBXFileReference section */
		8B7CB6C02F6103E900AACE5C /* NeuroRise.app */ = {isa = PBXFileReference; explicitFileType = wrapper.application; includeInIndex = 0; path = NeuroRise.app; sourceTree = BUILT_PRODUCTS_DIR; };
		8B7CB6CD2F6103F000AACE5C /* NeuroRiseTests.xctest */ = {isa = PBXFileReference; explicitFileType = wrapper.cfbundle; includeInIndex = 0; path = NeuroRiseTests.xctest; sourceTree = BUILT_PRODUCTS_DIR; };
		8B7CB6D72F6103F000AACE5C /* NeuroRiseUITests.xctest */ = {isa = PBXFileReference; explicitFileType = wrapper.cfbundle; includeInIndex = 0; path = NeuroRiseUITests.xctest; sourceTree = BUILT_PRODUCTS_DIR; };
/* End PBXFileReference section */

/* Begin PBXFileSystemSynchronizedRootGroup section */
		8B7CB6C22F6103E900AACE5C /* NeuroRise */ = {
			isa = PBXFileSystemSynchronizedRootGroup;
			path = NeuroRise;
			sourceTree = "<group>";
		};
		8B7CB6D02F6103F000AACE5C /* NeuroRiseTests */ = {
			isa = PBXFileSystemSynchronizedRootGroup;
			path = NeuroRiseTests;
			sourceTree = "<group>";
		};
		8B7CB6DA2F6103F000AACE5C /* NeuroRiseUITests */ = {
			isa = PBXFileSystemSynchronizedRootGroup;
			path = NeuroRiseUITests;
			sourceTree = "<group>";
		};
/* End PBXFileSystemSynchronizedRootGroup section */

/* Begin PBXFrameworksBuildPhase section */
		8B7CB6BD2F6103E900AACE5C /* Frameworks */ = {
			isa = PBXFrameworksBuildPhase;
			buildActionMask = 2147483647;
			files = (
			);
			runOnlyForDeploymentPostprocessing = 0;
		};
		8B7CB6CA2F6103F000AACE5C /* Frameworks */ = {
			isa = PBXFrameworksBuildPhase;
			buildActionMask = 2147483647;
			files = (
			);
			runOnlyForDeploymentPostprocessing = 0;
		};
		8B7CB6D42F6103F000AACE5C /* Frameworks */ = {
			isa = PBXFrameworksBuildPhase;
			buildActionMask = 2147483647;
			files = (
			);
			runOnlyForDeploymentPostprocessing = 0;
		};
/* End PBXFrameworksBuildPhase section */

/* Begin PBXGroup section */
		8B7CB6B72F6103E900AACE5C = {
			isa = PBXGroup;
			children = (
				8B7CB6C22F6103E900AACE5C /* NeuroRise */,
				8B7CB6D02F6103F000AACE5C /* NeuroRiseTests */,
				8B7CB6DA2F6103F000AACE5C /* NeuroRiseUITests */,
				8B7CB6C12F6103E900AACE5C /* Products */,
			);
			sourceTree = "<group>";
		};
		8B7CB6C12F6103E900AACE5C /* Products */ = {
			isa = PBXGroup;
			children = (
				8B7CB6C02F6103E900AACE5C /* NeuroRise.app */,
				8B7CB6CD2F6103F000AACE5C /* NeuroRiseTests.xctest */,
				8B7CB6D72F6103F000AACE5C /* NeuroRiseUITests.xctest */,
			);
			name = Products;
			sourceTree = "<group>";
		};
/* End PBXGroup section */

/* Begin PBXNativeTarget section */
		8B7CB6BF2F6103E900AACE5C /* NeuroRise */ = {
			isa = PBXNativeTarget;
			buildConfigurationList = 8B7CB6E12F6103F000AACE5C /* Build configuration list for PBXNativeTarget "NeuroRise" */;
			buildPhases = (
				8B7CB6BC2F6103E900AACE5C /* Sources */,
				8B7CB6BD2F6103E900AACE5C /* Frameworks */,
				8B7CB6BE2F6103E900AACE5C /* Resources */,
			);
			buildRules = (
			);
			dependencies = (
			);
			fileSystemSynchronizedGroups = (
				8B7CB6C22F6103E900AACE5C /* NeuroRise */,
			);
			name = NeuroRise;
			packageProductDependencies = (
			);
			productName = NeuroRise;
			productReference = 8B7CB6C02F6103E900AACE5C /* NeuroRise.app */;
			productType = "com.apple.product-type.application";
		};
		8B7CB6CC2F6103F000AACE5C /* NeuroRiseTests */ = {
			isa = PBXNativeTarget;
			buildConfigurationList = 8B7CB6E42F6103F000AACE5C /* Build configuration list for PBXNativeTarget "NeuroRiseTests" */;
			buildPhases = (
				8B7CB6C92F6103F000AACE5C /* Sources */,
				8B7CB6CA2F6103F000AACE5C /* Frameworks */,
				8B7CB6CB2F6103F000AACE5C /* Resources */,
			);
			buildRules = (
			);
			dependencies = (
				8B7CB6CF2F6103F000AACE5C /* PBXTargetDependency */,
			);
			fileSystemSynchronizedGroups = (
				8B7CB6D02F6103F000AACE5C /* NeuroRiseTests */,
			);
			name = NeuroRiseTests;
			packageProductDependencies = (
			);
			productName = NeuroRiseTests;
			productReference = 8B7CB6CD2F6103F000AACE5C /* NeuroRiseTests.xctest */;
			productType = "com.apple.product-type.bundle.unit-test";
		};
		8B7CB6D62F6103F000AACE5C /* NeuroRiseUITests */ = {
			isa = PBXNativeTarget;
			buildConfigurationList = 8B7CB6E72F6103F000AACE5C /* Build configuration list for PBXNativeTarget "NeuroRiseUITests" */;
			buildPhases = (
				8B7CB6D32F6103F000AACE5C /* Sources */,
				8B7CB6D42F6103F000AACE5C /* Frameworks */,
				8B7CB6D52F6103F000AACE5C /* Resources */,
			);
			buildRules = (
			);
			dependencies = (
				8B7CB6D92F6103F000AACE5C /* PBXTargetDependency */,
			);
			fileSystemSynchronizedGroups = (
				8B7CB6DA2F6103F000AACE5C /* NeuroRiseUITests */,
			);
			name = NeuroRiseUITests;
			packageProductDependencies = (
			);
			productName = NeuroRiseUITests;
			productReference = 8B7CB6D72F6103F000AACE5C /* NeuroRiseUITests.xctest */;
			productType = "com.apple.product-type.bundle.ui-testing";
		};
/* End PBXNativeTarget section */

/* Begin PBXProject section */
		8B7CB6B82F6103E900AACE5C /* Project object */ = {
			isa = PBXProject;
			attributes = {
				BuildIndependentTargetsInParallel = 1;
				LastSwiftUpdateCheck = 2600;
				LastUpgradeCheck = 2600;
				TargetAttributes = {
					8B7CB6BF2F6103E900AACE5C = {
						CreatedOnToolsVersion = 26.0.1;
					};
					8B7CB6CC2F6103F000AACE5C = {
						CreatedOnToolsVersion = 26.0.1;
						TestTargetID = 8B7CB6BF2F6103E900AACE5C;
					};
					8B7CB6D62F6103F000AACE5C = {
						CreatedOnToolsVersion = 26.0.1;
						TestTargetID = 8B7CB6BF2F6103E900AACE5C;
					};
				};
			};
			buildConfigurationList = 8B7CB6BB2F6103E900AACE5C /* Build configuration list for PBXProject "NeuroRise" */;
			developmentRegion = en;
			hasScannedForEncodings = 0;
			knownRegions = (
				en,
				Base,
			);
			mainGroup = 8B7CB6B72F6103E900AACE5C;
			minimizedProjectReferenceProxies = 1;
			preferredProjectObjectVersion = 77;
			productRefGroup = 8B7CB6C12F6103E900AACE5C /* Products */;
			projectDirPath = "";
			projectRoot = "";
			targets = (
				8B7CB6BF2F6103E900AACE5C /* NeuroRise */,
				8B7CB6CC2F6103F000AACE5C /* NeuroRiseTests */,
				8B7CB6D62F6103F000AACE5C /* NeuroRiseUITests */,
			);
		};
/* End PBXProject section */

/* Begin PBXResourcesBuildPhase section */
		8B7CB6BE2F6103E900AACE5C /* Resources */ = {
			isa = PBXResourcesBuildPhase;
			buildActionMask = 2147483647;
			files = (
			);
			runOnlyForDeploymentPostprocessing = 0;
		};
		8B7CB6CB2F6103F000AACE5C /* Resources */ = {
			isa = PBXResourcesBuildPhase;
			buildActionMask = 2147483647;
			files = (
			);
			runOnlyForDeploymentPostprocessing = 0;
		};
		8B7CB6D52F6103F000AACE5C /* Resources */ = {
			isa = PBXResourcesBuildPhase;
			buildActionMask = 2147483647;
			files = (
			);
			runOnlyForDeploymentPostprocessing = 0;
		};
/* End PBXResourcesBuildPhase section */

/* Begin PBXSourcesBuildPhase section */
		8B7CB6BC2F6103E900AACE5C /* Sources */ = {
			isa = PBXSourcesBuildPhase;
			buildActionMask = 2147483647;
			files = (
			);
			runOnlyForDeploymentPostprocessing = 0;
		};
		8B7CB6C92F6103F000AACE5C /* Sources */ = {
			isa = PBXSourcesBuildPhase;
			buildActionMask = 2147483647;
			files = (
			);
			runOnlyForDeploymentPostprocessing = 0;
		};
		8B7CB6D32F6103F000AACE5C /* Sources */ = {
			isa = PBXSourcesBuildPhase;
			buildActionMask = 2147483647;
			files = (
			);
			runOnlyForDeploymentPostprocessing = 0;
		};
/* End PBXSourcesBuildPhase section */

/* Begin PBXTargetDependency section */
		8B7CB6CF2F6103F000AACE5C /* PBXTargetDependency */ = {
			isa = PBXTargetDependency;
			target = 8B7CB6BF2F6103E900AACE5C /* NeuroRise */;
			targetProxy = 8B7CB6CE2F6103F000AACE5C /* PBXContainerItemProxy */;
		};
		8B7CB6D92F6103F000AACE5C /* PBXTargetDependency */ = {
			isa = PBXTargetDependency;
			target = 8B7CB6BF2F6103E900AACE5C /* NeuroRise */;
			targetProxy = 8B7CB6D82F6103F000AACE5C /* PBXContainerItemProxy */;
		};
/* End PBXTargetDependency section */

/* Begin XCBuildConfiguration section */
		8B7CB6DF2F6103F000AACE5C /* Debug */ = {
			isa = XCBuildConfiguration;
			buildSettings = {
				ALWAYS_SEARCH_USER_PATHS = NO;
				ASSETCATALOG_COMPILER_GENERATE_SWIFT_ASSET_SYMBOL_EXTENSIONS = YES;
				CLANG_ANALYZER_NONNULL = YES;
				CLANG_ANALYZER_NUMBER_OBJECT_CONVERSION = YES_AGGRESSIVE;
				CLANG_CXX_LANGUAGE_STANDARD = "gnu++20";
				CLANG_ENABLE_MODULES = YES;
				CLANG_ENABLE_OBJC_ARC = YES;
				CLANG_ENABLE_OBJC_WEAK = YES;
				CLANG_WARN_BLOCK_CAPTURE_AUTORELEASING = YES;
				CLANG_WARN_BOOL_CONVERSION = YES;
				CLANG_WARN_COMMA = YES;
				CLANG_WARN_CONSTANT_CONVERSION = YES;
				CLANG_WARN_DEPRECATED_OBJC_IMPLEMENTATIONS = YES;
				CLANG_WARN_DIRECT_OBJC_ISA_USAGE = YES_ERROR;
				CLANG_WARN_DOCUMENTATION_COMMENTS = YES;
				CLANG_WARN_EMPTY_BODY = YES;
				CLANG_WARN_ENUM_CONVERSION = YES;
				CLANG_WARN_INFINITE_RECURSION = YES;
				CLANG_WARN_INT_CONVERSION = YES;
				CLANG_WARN_NON_LITERAL_NULL_CONVERSION = YES;
				CLANG_WARN_OBJC_IMPLICIT_RETAIN_SELF = YES;
				CLANG_WARN_OBJC_LITERAL_CONVERSION = YES;
				CLANG_WARN_OBJC_ROOT_CLASS = YES_ERROR;
				CLANG_WARN_QUOTED_INCLUDE_IN_FRAMEWORK_HEADER = YES;
				CLANG_WARN_RANGE_LOOP_ANALYSIS = YES;
				CLANG_WARN_STRICT_PROTOTYPES = YES;
				CLANG_WARN_SUSPICIOUS_MOVE = YES;
				CLANG_WARN_UNGUARDED_AVAILABILITY = YES_AGGRESSIVE;
				CLANG_WARN_UNREACHABLE_CODE = YES;
				CLANG_WARN__DUPLICATE_METHOD_MATCH = YES;
				COPY_PHASE_STRIP = NO;
				DEBUG_INFORMATION_FORMAT = dwarf;
				DEVELOPMENT_TEAM = NFFJGVF36Y;
				ENABLE_STRICT_OBJC_MSGSEND = YES;
				ENABLE_TESTABILITY = YES;
				ENABLE_USER_SCRIPT_SANDBOXING = YES;
				GCC_C_LANGUAGE_STANDARD = gnu17;
				GCC_DYNAMIC_NO_PIC = NO;
				GCC_NO_COMMON_BLOCKS = YES;
				GCC_OPTIMIZATION_LEVEL = 0;
				GCC_PREPROCESSOR_DEFINITIONS = (
					"DEBUG=1",
					"$(inherited)",
				);
				GCC_WARN_64_TO_32_BIT_CONVERSION = YES;
				GCC_WARN_ABOUT_RETURN_TYPE = YES_ERROR;
				GCC_WARN_UNDECLARED_SELECTOR = YES;
				GCC_WARN_UNINITIALIZED_AUTOS = YES_AGGRESSIVE;
				GCC_WARN_UNUSED_FUNCTION = YES;
				GCC_WARN_UNUSED_VARIABLE = YES;
				IPHONEOS_DEPLOYMENT_TARGET = 26.0;
				LOCALIZATION_PREFERS_STRING_CATALOGS = YES;
				MTL_ENABLE_DEBUG_INFO = INCLUDE_SOURCE;
				MTL_FAST_MATH = YES;
				ONLY_ACTIVE_ARCH = YES;
				SDKROOT = iphoneos;
				SWIFT_ACTIVE_COMPILATION_CONDITIONS = "DEBUG $(inherited)";
				SWIFT_OPTIMIZATION_LEVEL = "-Onone";
			};
			name = Debug;
		};
		8B7CB6E02F6103F000AACE5C /* Release */ = {
			isa = XCBuildConfiguration;
			buildSettings = {
				ALWAYS_SEARCH_USER_PATHS = NO;
				ASSETCATALOG_COMPILER_GENERATE_SWIFT_ASSET_SYMBOL_EXTENSIONS = YES;
				CLANG_ANALYZER_NONNULL = YES;
				CLANG_ANALYZER_NUMBER_OBJECT_CONVERSION = YES_AGGRESSIVE;
				CLANG_CXX_LANGUAGE_STANDARD = "gnu++20";
				CLANG_ENABLE_MODULES = YES;
				CLANG_ENABLE_OBJC_ARC = YES;
				CLANG_ENABLE_OBJC_WEAK = YES;
				CLANG_WARN_BLOCK_CAPTURE_AUTORELEASING = YES;
				CLANG_WARN_BOOL_CONVERSION = YES;
				CLANG_WARN_COMMA = YES;
				CLANG_WARN_CONSTANT_CONVERSION = YES;
				CLANG_WARN_DEPRECATED_OBJC_IMPLEMENTATIONS = YES;
				CLANG_WARN_DIRECT_OBJC_ISA_USAGE = YES_ERROR;
				CLANG_WARN_DOCUMENTATION_COMMENTS = YES;
				CLANG_WARN_EMPTY_BODY = YES;
				CLANG_WARN_ENUM_CONVERSION = YES;
				CLANG_WARN_INFINITE_RECURSION = YES;
				CLANG_WARN_INT_CONVERSION = YES;
				CLANG_WARN_NON_LITERAL_NULL_CONVERSION = YES;
				CLANG_WARN_OBJC_IMPLICIT_RETAIN_SELF = YES;
				CLANG_WARN_OBJC_LITERAL_CONVERSION = YES;
				CLANG_WARN_OBJC_ROOT_CLASS = YES_ERROR;
				CLANG_WARN_QUOTED_INCLUDE_IN_FRAMEWORK_HEADER = YES;
				CLANG_WARN_RANGE_LOOP_ANALYSIS = YES;
				CLANG_WARN_STRICT_PROTOTYPES = YES;
				CLANG_WARN_SUSPICIOUS_MOVE = YES;
				CLANG_WARN_UNGUARDED_AVAILABILITY = YES_AGGRESSIVE;
				CLANG_WARN_UNREACHABLE_CODE = YES;
				CLANG_WARN__DUPLICATE_METHOD_MATCH = YES;
				COPY_PHASE_STRIP = NO;
				DEBUG_INFORMATION_FORMAT = "dwarf-with-dsym";
				DEVELOPMENT_TEAM = NFFJGVF36Y;
				ENABLE_NS_ASSERTIONS = NO;
				ENABLE_STRICT_OBJC_MSGSEND = YES;
				ENABLE_USER_SCRIPT_SANDBOXING = YES;
				GCC_C_LANGUAGE_STANDARD = gnu17;
				GCC_NO_COMMON_BLOCKS = YES;
				GCC_WARN_64_TO_32_BIT_CONVERSION = YES;
				GCC_WARN_ABOUT_RETURN_TYPE = YES_ERROR;
				GCC_WARN_UNDECLARED_SELECTOR = YES;
				GCC_WARN_UNINITIALIZED_AUTOS = YES_AGGRESSIVE;
				GCC_WARN_UNUSED_FUNCTION = YES;
				GCC_WARN_UNUSED_VARIABLE = YES;
				IPHONEOS_DEPLOYMENT_TARGET = 26.0;
				LOCALIZATION_PREFERS_STRING_CATALOGS = YES;
				MTL_ENABLE_DEBUG_INFO = NO;
				MTL_FAST_MATH = YES;
				SDKROOT = iphoneos;
				SWIFT_COMPILATION_MODE = wholemodule;
				VALIDATE_PRODUCT = YES;
			};
			name = Release;
		};
		8B7CB6E22F6103F000AACE5C /* Debug */ = {
			isa = XCBuildConfiguration;
			buildSettings = {
				ASSETCATALOG_COMPILER_APPICON_NAME = AppIcon;
				ASSETCATALOG_COMPILER_GLOBAL_ACCENT_COLOR_NAME = AccentColor;
				CODE_SIGN_ENTITLEMENTS = NeuroRise/NeuroRise.entitlements;
				CODE_SIGN_STYLE = Automatic;
				CURRENT_PROJECT_VERSION = 1;
				DEVELOPMENT_TEAM = NFFJGVF36Y;
				ENABLE_PREVIEWS = YES;
				GENERATE_INFOPLIST_FILE = YES;
				INFOPLIST_KEY_NSHealthClinicalHealthRecordsShareUsageDescription = "is requested to acces your clinical records";
				INFOPLIST_KEY_NSHealthShareUsageDescription = "is requested to share your health data ";
				INFOPLIST_KEY_NSHealthUpdateUsageDescription = "is requested to get your lastest data from health";
				INFOPLIST_KEY_UIApplicationSceneManifest_Generation = YES;
				INFOPLIST_KEY_UIApplicationSupportsIndirectInputEvents = YES;
				INFOPLIST_KEY_UILaunchScreen_Generation = YES;
				INFOPLIST_KEY_UISupportedInterfaceOrientations_iPad = "UIInterfaceOrientationPortrait UIInterfaceOrientationPortraitUpsideDown UIInterfaceOrientationLandscapeLeft UIInterfaceOrientationLandscapeRight";
				INFOPLIST_KEY_UISupportedInterfaceOrientations_iPhone = "UIInterfaceOrientationPortrait UIInterfaceOrientationLandscapeLeft UIInterfaceOrientationLandscapeRight";
				LD_RUNPATH_SEARCH_PATHS = (
					"$(inherited)",
					"@executable_path/Frameworks",
				);
				MARKETING_VERSION = 1.0;
				PRODUCT_BUNDLE_IDENTIFIER = Jesus.NeuroRise;
				PRODUCT_NAME = "$(TARGET_NAME)";
				STRING_CATALOG_GENERATE_SYMBOLS = YES;
				SWIFT_APPROACHABLE_CONCURRENCY = YES;
				SWIFT_DEFAULT_ACTOR_ISOLATION = MainActor;
				SWIFT_EMIT_LOC_STRINGS = YES;
				SWIFT_UPCOMING_FEATURE_MEMBER_IMPORT_VISIBILITY = YES;
				SWIFT_VERSION = 5.0;
				TARGETED_DEVICE_FAMILY = "1,2";
			};
			name = Debug;
		};
		8B7CB6E32F6103F000AACE5C /* Release */ = {
			isa = XCBuildConfiguration;
			buildSettings = {
				ASSETCATALOG_COMPILER_APPICON_NAME = AppIcon;
				ASSETCATALOG_COMPILER_GLOBAL_ACCENT_COLOR_NAME = AccentColor;
				CODE_SIGN_ENTITLEMENTS = NeuroRise/NeuroRise.entitlements;
				CODE_SIGN_STYLE = Automatic;
				CURRENT_PROJECT_VERSION = 1;
				DEVELOPMENT_TEAM = NFFJGVF36Y;
				ENABLE_PREVIEWS = YES;
				GENERATE_INFOPLIST_FILE = YES;
				INFOPLIST_KEY_NSHealthClinicalHealthRecordsShareUsageDescription = "is requested to acces your clinical records";
				INFOPLIST_KEY_NSHealthShareUsageDescription = "is requested to share your health data ";
				INFOPLIST_KEY_NSHealthUpdateUsageDescription = "is requested to get your lastest data from health";
				INFOPLIST_KEY_UIApplicationSceneManifest_Generation = YES;
				INFOPLIST_KEY_UIApplicationSupportsIndirectInputEvents = YES;
				INFOPLIST_KEY_UILaunchScreen_Generation = YES;
				INFOPLIST_KEY_UISupportedInterfaceOrientations_iPad = "UIInterfaceOrientationPortrait UIInterfaceOrientationPortraitUpsideDown UIInterfaceOrientationLandscapeLeft UIInterfaceOrientationLandscapeRight";
				INFOPLIST_KEY_UISupportedInterfaceOrientations_iPhone = "UIInterfaceOrientationPortrait UIInterfaceOrientationLandscapeLeft UIInterfaceOrientationLandscapeRight";
				LD_RUNPATH_SEARCH_PATHS = (
					"$(inherited)",
					"@executable_path/Frameworks",
				);
				MARKETING_VERSION = 1.0;
				PRODUCT_BUNDLE_IDENTIFIER = Jesus.NeuroRise;
				PRODUCT_NAME = "$(TARGET_NAME)";
				STRING_CATALOG_GENERATE_SYMBOLS = YES;
				SWIFT_APPROACHABLE_CONCURRENCY = YES;
				SWIFT_DEFAULT_ACTOR_ISOLATION = MainActor;
				SWIFT_EMIT_LOC_STRINGS = YES;
				SWIFT_UPCOMING_FEATURE_MEMBER_IMPORT_VISIBILITY = YES;
				SWIFT_VERSION = 5.0;
				TARGETED_DEVICE_FAMILY = "1,2";
			};
			name = Release;
		};
		8B7CB6E52F6103F000AACE5C /* Debug */ = {
			isa = XCBuildConfiguration;
			buildSettings = {
				BUNDLE_LOADER = "$(TEST_HOST)";
				CODE_SIGN_STYLE = Automatic;
				CURRENT_PROJECT_VERSION = 1;
				DEVELOPMENT_TEAM = NFFJGVF36Y;
				GENERATE_INFOPLIST_FILE = YES;
				IPHONEOS_DEPLOYMENT_TARGET = 26.0;
				MARKETING_VERSION = 1.0;
				PRODUCT_BUNDLE_IDENTIFIER = Jesus.NeuroRiseTests;
				PRODUCT_NAME = "$(TARGET_NAME)";
				STRING_CATALOG_GENERATE_SYMBOLS = NO;
				SWIFT_APPROACHABLE_CONCURRENCY = YES;
				SWIFT_EMIT_LOC_STRINGS = NO;
				SWIFT_UPCOMING_FEATURE_MEMBER_IMPORT_VISIBILITY = YES;
				SWIFT_VERSION = 5.0;
				TARGETED_DEVICE_FAMILY = "1,2";
				TEST_HOST = "$(BUILT_PRODUCTS_DIR)/NeuroRise.app/$(BUNDLE_EXECUTABLE_FOLDER_PATH)/NeuroRise";
			};
			name = Debug;
		};
		8B7CB6E62F6103F000AACE5C /* Release */ = {
			isa = XCBuildConfiguration;
			buildSettings = {
				BUNDLE_LOADER = "$(TEST_HOST)";
				CODE_SIGN_STYLE = Automatic;
				CURRENT_PROJECT_VERSION = 1;
				DEVELOPMENT_TEAM = NFFJGVF36Y;
				GENERATE_INFOPLIST_FILE = YES;
				IPHONEOS_DEPLOYMENT_TARGET = 26.0;
				MARKETING_VERSION = 1.0;
				PRODUCT_BUNDLE_IDENTIFIER = Jesus.NeuroRiseTests;
				PRODUCT_NAME = "$(TARGET_NAME)";
				STRING_CATALOG_GENERATE_SYMBOLS = NO;
				SWIFT_APPROACHABLE_CONCURRENCY = YES;
				SWIFT_EMIT_LOC_STRINGS = NO;
				SWIFT_UPCOMING_FEATURE_MEMBER_IMPORT_VISIBILITY = YES;
				SWIFT_VERSION = 5.0;
				TARGETED_DEVICE_FAMILY = "1,2";
				TEST_HOST = "$(BUILT_PRODUCTS_DIR)/NeuroRise.app/$(BUNDLE_EXECUTABLE_FOLDER_PATH)/NeuroRise";
			};
			name = Release;
		};
		8B7CB6E82F6103F000AACE5C /* Debug */ = {
			isa = XCBuildConfiguration;
			buildSettings = {
				CODE_SIGN_STYLE = Automatic;
				CURRENT_PROJECT_VERSION = 1;
				DEVELOPMENT_TEAM = NFFJGVF36Y;
				GENERATE_INFOPLIST_FILE = YES;
				MARKETING_VERSION = 1.0;
				PRODUCT_BUNDLE_IDENTIFIER = Jesus.NeuroRiseUITests;
				PRODUCT_NAME = "$(TARGET_NAME)";
				STRING_CATALOG_GENERATE_SYMBOLS = NO;
				SWIFT_APPROACHABLE_CONCURRENCY = YES;
				SWIFT_EMIT_LOC_STRINGS = NO;
				SWIFT_UPCOMING_FEATURE_MEMBER_IMPORT_VISIBILITY = YES;
				SWIFT_VERSION = 5.0;
				TARGETED_DEVICE_FAMILY = "1,2";
				TEST_TARGET_NAME = NeuroRise;
			};
			name = Debug;
		};
		8B7CB6E92F6103F000AACE5C /* Release */ = {
			isa = XCBuildConfiguration;
			buildSettings = {
				CODE_SIGN_STYLE = Automatic;
				CURRENT_PROJECT_VERSION = 1;
				DEVELOPMENT_TEAM = NFFJGVF36Y;
				GENERATE_INFOPLIST_FILE = YES;
				MARKETING_VERSION = 1.0;
				PRODUCT_BUNDLE_IDENTIFIER = Jesus.NeuroRiseUITests;
				PRODUCT_NAME = "$(TARGET_NAME)";
				STRING_CATALOG_GENERATE_SYMBOLS = NO;
				SWIFT_APPROACHABLE_CONCURRENCY = YES;
				SWIFT_EMIT_LOC_STRINGS = NO;
				SWIFT_UPCOMING_FEATURE_MEMBER_IMPORT_VISIBILITY = YES;
				SWIFT_VERSION = 5.0;
				TARGETED_DEVICE_FAMILY = "1,2";
				TEST_TARGET_NAME = NeuroRise;
			};
			name = Release;
		};
/* End XCBuildConfiguration section */

/* Begin XCConfigurationList section */
		8B7CB6BB2F6103E900AACE5C /* Build configuration list for PBXProject "NeuroRise" */ = {
			isa = XCConfigurationList;
			buildConfigurations = (
				8B7CB6DF2F6103F000AACE5C /* Debug */,
				8B7CB6E02F6103F000AACE5C /* Release */,
			);
			defaultConfigurationIsVisible = 0;
			defaultConfigurationName = Release;
		};
		8B7CB6E12F6103F000AACE5C /* Build configuration list for PBXNativeTarget "NeuroRise" */ = {
			isa = XCConfigurationList;
			buildConfigurations = (
				8B7CB6E22F6103F000AACE5C /* Debug */,
				8B7CB6E32F6103F000AACE5C /* Release */,
			);
			defaultConfigurationIsVisible = 0;
			defaultConfigurationName = Release;
		};
		8B7CB6E42F6103F000AACE5C /* Build configuration list for PBXNativeTarget "NeuroRiseTests" */ = {
			isa = XCConfigurationList;
			buildConfigurations = (
				8B7CB6E52F6103F000AACE5C /* Debug */,
				8B7CB6E62F6103F000AACE5C /* Release */,
			);
			defaultConfigurationIsVisible = 0;
			defaultConfigurationName = Release;
		};
		8B7CB6E72F6103F000AACE5C /* Build configuration list for PBXNativeTarget "NeuroRiseUITests" */ = {
			isa = XCConfigurationList;
			buildConfigurations = (
				8B7CB6E82F6103F000AACE5C /* Debug */,
				8B7CB6E92F6103F000AACE5C /* Release */,
			);
			defaultConfigurationIsVisible = 0;
			defaultConfigurationName = Release;
		};
/* End XCConfigurationList section */
	};
	rootObject = 8B7CB6B82F6103E900AACE5C /* Project object */;
}
